
Microsoft Visual Studio Solution File, Format Version 12.00
# Visual Studio Version 17
VisualStudioVersion = 17.10.34916.146
MinimumVisualStudioVersion = 10.0.40219.1
Project("{FAE04EC0-301F-11D3-BF4B-00C04F79EFBC}") = "DailyTaskApplication", "DailyTaskApplication\DailyTaskApplication.csproj", "{022FC265-E0B7-4C1C-B289-607CF66CEAAB}"
EndProject
Global
	GlobalSection(SolutionConfigurationPlatforms) = preSolution
		Debug|Any CPU = Debug|Any CPU
		Release|Any CPU = Release|Any CPU
	EndGlobalSection
	GlobalSection(ProjectConfigurationPlatforms) = postSolution
		{022FC265-E0B7-4C1C-B289-607CF66CEAAB}.Debug|Any CPU.ActiveCfg = Debug|Any CPU
		{022FC265-E0B7-4C1C-B289-607CF66CEAAB}.Debug|Any CPU.Build.0 = Debug|Any CPU
		{022FC265-E0B7-4C1C-B289-607CF66CEAAB}.Release|Any CPU.ActiveCfg = Release|Any CPU
		{022FC265-E0B7-4C1C-B289-607CF66CEAAB}.Release|Any CPU.Build.0 = Release|Any CPU
	EndGlobalSection
	GlobalSection(SolutionProperties) = preSolution
		HideSolutionNode = FALSE
	EndGlobalSection
	GlobalSection(ExtensibilityGlobals) = postSolution
		SolutionGuid = {84C0D494-01DF-4F97-9A49-C19659C86EDE}
	EndGlobalSection
EndGlobal
